{
  "name": "ssd1351",
  "requires": true,
  "lockfileVersion": 1,
  "dependencies": {
    "simple-fonts": {
      "version": "git+https://github.com/niklauslee/simple-fonts.git#3468836d918214eeadfe783e13c084a339a05fd3",
      "from": "git+https://github.com/niklauslee/simple-fonts.git"
    }
  }
}
